
Microsoft Visual Studio Solution File, Format Version 12.00
# Visual Studio Version 16
VisualStudioVersion = 16.0.29306.81
MinimumVisualStudioVersion = 10.0.40219.1
Project("{FAE04EC0-301F-11D3-BF4B-00C04F79EFBC}") = "ImageConverterProgram", "ImageConverterProgram\ImageConverterProgram.csproj", "{DE0A12D6-741A-437B-91E8-47B5034334BC}"
EndProject
Global
	GlobalSection(SolutionConfigurationPlatforms) = preSolution
		Debug|Any CPU = Debug|Any CPU
		Release|Any CPU = Release|Any CPU
	EndGlobalSection
	GlobalSection(ProjectConfigurationPlatforms) = postSolution
		{DE0A12D6-741A-437B-91E8-47B5034334BC}.Debug|Any CPU.ActiveCfg = Debug|Any CPU
		{DE0A12D6-741A-437B-91E8-47B5034334BC}.Debug|Any CPU.Build.0 = Debug|Any CPU
		{DE0A12D6-741A-437B-91E8-47B5034334BC}.Release|Any CPU.ActiveCfg = Release|Any CPU
		{DE0A12D6-741A-437B-91E8-47B5034334BC}.Release|Any CPU.Build.0 = Release|Any CPU
	EndGlobalSection
	GlobalSection(SolutionProperties) = preSolution
		HideSolutionNode = FALSE
	EndGlobalSection
	GlobalSection(ExtensibilityGlobals) = postSolution
		SolutionGuid = {F066BE6C-017E-40E8-9F41-47E083687FA0}
	EndGlobalSection
EndGlobal
