
Microsoft Visual Studio Solution File, Format Version 12.00
# Visual Studio Version 16
VisualStudioVersion = 16.0.29306.81
MinimumVisualStudioVersion = 10.0.40219.1
Project("{FAE04EC0-301F-11D3-BF4B-00C04F79EFBC}") = "ImageConverterDemo", "ImageConverterDemo\ImageConverterDemo.csproj", "{FAE49DBF-4903-447B-B12C-AE6A9F73A228}"
EndProject
Global
	GlobalSection(SolutionConfigurationPlatforms) = preSolution
		Debug|Any CPU = Debug|Any CPU
		Release|Any CPU = Release|Any CPU
	EndGlobalSection
	GlobalSection(ProjectConfigurationPlatforms) = postSolution
		{FAE49DBF-4903-447B-B12C-AE6A9F73A228}.Debug|Any CPU.ActiveCfg = Debug|Any CPU
		{FAE49DBF-4903-447B-B12C-AE6A9F73A228}.Debug|Any CPU.Build.0 = Debug|Any CPU
		{FAE49DBF-4903-447B-B12C-AE6A9F73A228}.Release|Any CPU.ActiveCfg = Release|Any CPU
		{FAE49DBF-4903-447B-B12C-AE6A9F73A228}.Release|Any CPU.Build.0 = Release|Any CPU
	EndGlobalSection
	GlobalSection(SolutionProperties) = preSolution
		HideSolutionNode = FALSE
	EndGlobalSection
	GlobalSection(ExtensibilityGlobals) = postSolution
		SolutionGuid = {10282751-2666-4EDF-A373-BF01054E7F4F}
	EndGlobalSection
EndGlobal
